
Microsoft Visual Studio Solution File, Format Version 12.00
# Visual Studio Version 17
VisualStudioVersion = 17.4.33205.214
MinimumVisualStudioVersion = 10.0.40219.1
Project("{9A19103F-16F7-4668-BE54-9A1E7A4F7556}") = "Dacoder.Webfileserver", "Dacoder.Webfileserver\Dacoder.Webfileserver.csproj", "{947BA2C6-05F4-4986-BB4F-771A5D5493CA}"
EndProject
Global
	GlobalSection(SolutionConfigurationPlatforms) = preSolution
		Debug|Any CPU = Debug|Any CPU
		Release|Any CPU = Release|Any CPU
	EndGlobalSection
	GlobalSection(ProjectConfigurationPlatforms) = postSolution
		{947BA2C6-05F4-4986-BB4F-771A5D5493CA}.Debug|Any CPU.ActiveCfg = Debug|Any CPU
		{947BA2C6-05F4-4986-BB4F-771A5D5493CA}.Debug|Any CPU.Build.0 = Debug|Any CPU
		{947BA2C6-05F4-4986-BB4F-771A5D5493CA}.Release|Any CPU.ActiveCfg = Release|Any CPU
		{947BA2C6-05F4-4986-BB4F-771A5D5493CA}.Release|Any CPU.Build.0 = Release|Any CPU
	EndGlobalSection
	GlobalSection(SolutionProperties) = preSolution
		HideSolutionNode = FALSE
	EndGlobalSection
	GlobalSection(ExtensibilityGlobals) = postSolution
		SolutionGuid = {09FBB78D-4A5E-4335-BA79-81F1E06A2D8A}
	EndGlobalSection
EndGlobal
